
Microsoft Visual Studio Solution File, Format Version 12.00
# Visual Studio 15
VisualStudioVersion = 15.0.28307.421
MinimumVisualStudioVersion = 10.0.40219.1
Project("{9A19103F-16F7-4668-BE54-9A1E7A4F7556}") = "backend", "backend\backend.csproj", "{FE4B1D2E-EC32-467B-8ACE-0E32A949AAD0}"
EndProject
Project("{FAE04EC0-301F-11D3-BF4B-00C04F79EFBC}") = "uwp app", "uwp app\uwp app.csproj", "{253A7EE9-6AA6-41A1-BA9C-EC0242D91A6A}"
EndProject
Project("{9A19103F-16F7-4668-BE54-9A1E7A4F7556}") = "uwp app.Core", "uwp app.Core\uwp app.Core.csproj", "{3383B5C6-4DF1-46B9-957F-BDCD378DA700}"
EndProject
Project("{FAE04EC0-301F-11D3-BF4B-00C04F79EFBC}") = "mobile.Android", "mobile\mobile.Android\mobile.Android.csproj", "{6DF527F0-B0AB-4232-8287-679943981124}"
EndProject
Project("{FAE04EC0-301F-11D3-BF4B-00C04F79EFBC}") = "mobile.iOS", "mobile\mobile.iOS\mobile.iOS.csproj", "{2E179B92-B3E5-49DA-8EBD-8B12BF000D7D}"
EndProject
Project("{9A19103F-16F7-4668-BE54-9A1E7A4F7556}") = "mobile", "mobile\mobile\mobile.csproj", "{94EB2877-0C6D-4C33-87F9-B64C5A115E72}"
EndProject
Project("{FAE04EC0-301F-11D3-BF4B-00C04F79EFBC}") = "test", "test\test.csproj", "{9FEB540B-A4C0-4F85-80EE-8A2D600FA53B}"
EndProject
Global
	GlobalSection(SolutionConfigurationPlatforms) = preSolution
		Ad-Hoc|Any CPU = Ad-Hoc|Any CPU
		Ad-Hoc|ARM = Ad-Hoc|ARM
		Ad-Hoc|ARM64 = Ad-Hoc|ARM64
		Ad-Hoc|iPhone = Ad-Hoc|iPhone
		Ad-Hoc|iPhoneSimulator = Ad-Hoc|iPhoneSimulator
		Ad-Hoc|x64 = Ad-Hoc|x64
		Ad-Hoc|x86 = Ad-Hoc|x86
		AppStore|Any CPU = AppStore|Any CPU
		AppStore|ARM = AppStore|ARM
		AppStore|ARM64 = AppStore|ARM64
		AppStore|iPhone = AppStore|iPhone
		AppStore|iPhoneSimulator = AppStore|iPhoneSimulator
		AppStore|x64 = AppStore|x64
		AppStore|x86 = AppStore|x86
		Debug|Any CPU = Debug|Any CPU
		Debug|ARM = Debug|ARM
		Debug|ARM64 = Debug|ARM64
		Debug|iPhone = Debug|iPhone
		Debug|iPhoneSimulator = Debug|iPhoneSimulator
		Debug|x64 = Debug|x64
		Debug|x86 = Debug|x86
		Release|Any CPU = Release|Any CPU
		Release|ARM = Release|ARM
		Release|ARM64 = Release|ARM64
		Release|iPhone = Release|iPhone
		Release|iPhoneSimulator = Release|iPhoneSimulator
		Release|x64 = Release|x64
		Release|x86 = Release|x86
	EndGlobalSection
	GlobalSection(ProjectConfigurationPlatforms) = postSolution
		{FE4B1D2E-EC32-467B-8ACE-0E32A949AAD0}.Ad-Hoc|Any CPU.ActiveCfg = Release|Any CPU
		{FE4B1D2E-EC32-467B-8ACE-0E32A949AAD0}.Ad-Hoc|Any CPU.Build.0 = Release|Any CPU
		{FE4B1D2E-EC32-467B-8ACE-0E32A949AAD0}.Ad-Hoc|ARM.ActiveCfg = Release|Any CPU
		{FE4B1D2E-EC32-467B-8ACE-0E32A949AAD0}.Ad-Hoc|ARM.Build.0 = Release|Any CPU
		{FE4B1D2E-EC32-467B-8ACE-0E32A949AAD0}.Ad-Hoc|ARM64.ActiveCfg = Release|Any CPU
		{FE4B1D2E-EC32-467B-8ACE-0E32A949AAD0}.Ad-Hoc|ARM64.Build.0 = Release|Any CPU
		{FE4B1D2E-EC32-467B-8ACE-0E32A949AAD0}.Ad-Hoc|iPhone.ActiveCfg = Release|Any CPU
		{FE4B1D2E-EC32-467B-8ACE-0E32A949AAD0}.Ad-Hoc|iPhone.Build.0 = Release|Any CPU
		{FE4B1D2E-EC32-467B-8ACE-0E32A949AAD0}.Ad-Hoc|iPhoneSimulator.ActiveCfg = Release|Any CPU
		{FE4B1D2E-EC32-467B-8ACE-0E32A949AAD0}.Ad-Hoc|iPhoneSimulator.Build.0 = Release|Any CPU
		{FE4B1D2E-EC32-467B-8ACE-0E32A949AAD0}.Ad-Hoc|x64.ActiveCfg = Release|Any CPU
		{FE4B1D2E-EC32-467B-8ACE-0E32A949AAD0}.Ad-Hoc|x64.Build.0 = Release|Any CPU
		{FE4B1D2E-EC32-467B-8ACE-0E32A949AAD0}.Ad-Hoc|x86.ActiveCfg = Release|Any CPU
		{FE4B1D2E-EC32-467B-8ACE-0E32A949AAD0}.Ad-Hoc|x86.Build.0 = Release|Any CPU
		{FE4B1D2E-EC32-467B-8ACE-0E32A949AAD0}.AppStore|Any CPU.ActiveCfg = Release|Any CPU
		{FE4B1D2E-EC32-467B-8ACE-0E32A949AAD0}.AppStore|Any CPU.Build.0 = Release|Any CPU
		{FE4B1D2E-EC32-467B-8ACE-0E32A949AAD0}.AppStore|ARM.ActiveCfg = Release|Any CPU
		{FE4B1D2E-EC32-467B-8ACE-0E32A949AAD0}.AppStore|ARM.Build.0 = Release|Any CPU
		{FE4B1D2E-EC32-467B-8ACE-0E32A949AAD0}.AppStore|ARM64.ActiveCfg = Release|Any CPU
		{FE4B1D2E-EC32-467B-8ACE-0E32A949AAD0}.AppStore|ARM64.Build.0 = Release|Any CPU
		{FE4B1D2E-EC32-467B-8ACE-0E32A949AAD0}.AppStore|iPhone.ActiveCfg = Release|Any CPU
		{FE4B1D2E-EC32-467B-8ACE-0E32A949AAD0}.AppStore|iPhone.Build.0 = Release|Any CPU
		{FE4B1D2E-EC32-467B-8ACE-0E32A949AAD0}.AppStore|iPhoneSimulator.ActiveCfg = Release|Any CPU
		{FE4B1D2E-EC32-467B-8ACE-0E32A949AAD0}.AppStore|iPhoneSimulator.Build.0 = Release|Any CPU
		{FE4B1D2E-EC32-467B-8ACE-0E32A949AAD0}.AppStore|x64.ActiveCfg = Release|Any CPU
		{FE4B1D2E-EC32-467B-8ACE-0E32A949AAD0}.AppStore|x64.Build.0 = Release|Any CPU
		{FE4B1D2E-EC32-467B-8ACE-0E32A949AAD0}.AppStore|x86.ActiveCfg = Release|Any CPU
		{FE4B1D2E-EC32-467B-8ACE-0E32A949AAD0}.AppStore|x86.Build.0 = Release|Any CPU
		{FE4B1D2E-EC32-467B-8ACE-0E32A949AAD0}.Debug|Any CPU.ActiveCfg = Debug|Any CPU
		{FE4B1D2E-EC32-467B-8ACE-0E32A949AAD0}.Debug|ARM.ActiveCfg = Debug|Any CPU
		{FE4B1D2E-EC32-467B-8ACE-0E32A949AAD0}.Debug|ARM.Build.0 = Debug|Any CPU
		{FE4B1D2E-EC32-467B-8ACE-0E32A949AAD0}.Debug|ARM64.ActiveCfg = Debug|Any CPU
		{FE4B1D2E-EC32-467B-8ACE-0E32A949AAD0}.Debug|ARM64.Build.0 = Debug|Any CPU
		{FE4B1D2E-EC32-467B-8ACE-0E32A949AAD0}.Debug|iPhone.ActiveCfg = Debug|Any CPU
		{FE4B1D2E-EC32-467B-8ACE-0E32A949AAD0}.Debug|iPhone.Build.0 = Debug|Any CPU
		{FE4B1D2E-EC32-467B-8ACE-0E32A949AAD0}.Debug|iPhoneSimulator.ActiveCfg = Debug|Any CPU
		{FE4B1D2E-EC32-467B-8ACE-0E32A949AAD0}.Debug|iPhoneSimulator.Build.0 = Debug|Any CPU
		{FE4B1D2E-EC32-467B-8ACE-0E32A949AAD0}.Debug|x64.ActiveCfg = Debug|Any CPU
		{FE4B1D2E-EC32-467B-8ACE-0E32A949AAD0}.Debug|x64.Build.0 = Debug|Any CPU
		{FE4B1D2E-EC32-467B-8ACE-0E32A949AAD0}.Debug|x86.ActiveCfg = Debug|Any CPU
		{FE4B1D2E-EC32-467B-8ACE-0E32A949AAD0}.Debug|x86.Build.0 = Debug|Any CPU
		{FE4B1D2E-EC32-467B-8ACE-0E32A949AAD0}.Release|Any CPU.ActiveCfg = Release|Any CPU
		{FE4B1D2E-EC32-467B-8ACE-0E32A949AAD0}.Release|Any CPU.Build.0 = Release|Any CPU
		{FE4B1D2E-EC32-467B-8ACE-0E32A949AAD0}.Release|ARM.ActiveCfg = Release|Any CPU
		{FE4B1D2E-EC32-467B-8ACE-0E32A949AAD0}.Release|ARM.Build.0 = Release|Any CPU
		{FE4B1D2E-EC32-467B-8ACE-0E32A949AAD0}.Release|ARM64.ActiveCfg = Release|Any CPU
		{FE4B1D2E-EC32-467B-8ACE-0E32A949AAD0}.Release|ARM64.Build.0 = Release|Any CPU
		{FE4B1D2E-EC32-467B-8ACE-0E32A949AAD0}.Release|iPhone.ActiveCfg = Release|Any CPU
		{FE4B1D2E-EC32-467B-8ACE-0E32A949AAD0}.Release|iPhone.Build.0 = Release|Any CPU
		{FE4B1D2E-EC32-467B-8ACE-0E32A949AAD0}.Release|iPhoneSimulator.ActiveCfg = Release|Any CPU
		{FE4B1D2E-EC32-467B-8ACE-0E32A949AAD0}.Release|iPhoneSimulator.Build.0 = Release|Any CPU
		{FE4B1D2E-EC32-467B-8ACE-0E32A949AAD0}.Release|x64.ActiveCfg = Release|Any CPU
		{FE4B1D2E-EC32-467B-8ACE-0E32A949AAD0}.Release|x64.Build.0 = Release|Any CPU
		{FE4B1D2E-EC32-467B-8ACE-0E32A949AAD0}.Release|x86.ActiveCfg = Release|Any CPU
		{FE4B1D2E-EC32-467B-8ACE-0E32A949AAD0}.Release|x86.Build.0 = Release|Any CPU
		{253A7EE9-6AA6-41A1-BA9C-EC0242D91A6A}.Ad-Hoc|Any CPU.ActiveCfg = Release|Win32
		{253A7EE9-6AA6-41A1-BA9C-EC0242D91A6A}.Ad-Hoc|Any CPU.Build.0 = Release|Win32
		{253A7EE9-6AA6-41A1-BA9C-EC0242D91A6A}.Ad-Hoc|Any CPU.Deploy.0 = Release|Win32
		{253A7EE9-6AA6-41A1-BA9C-EC0242D91A6A}.Ad-Hoc|ARM.ActiveCfg = Release|ARM
		{253A7EE9-6AA6-41A1-BA9C-EC0242D91A6A}.Ad-Hoc|ARM.Build.0 = Release|ARM
		{253A7EE9-6AA6-41A1-BA9C-EC0242D91A6A}.Ad-Hoc|ARM.Deploy.0 = Release|ARM
		{253A7EE9-6AA6-41A1-BA9C-EC0242D91A6A}.Ad-Hoc|ARM64.ActiveCfg = Release|Win32
		{253A7EE9-6AA6-41A1-BA9C-EC0242D91A6A}.Ad-Hoc|ARM64.Build.0 = Release|Win32
		{253A7EE9-6AA6-41A1-BA9C-EC0242D91A6A}.Ad-Hoc|ARM64.Deploy.0 = Release|Win32
		{253A7EE9-6AA6-41A1-BA9C-EC0242D91A6A}.Ad-Hoc|iPhone.ActiveCfg = Release|Win32
		{253A7EE9-6AA6-41A1-BA9C-EC0242D91A6A}.Ad-Hoc|iPhone.Build.0 = Release|Win32
		{253A7EE9-6AA6-41A1-BA9C-EC0242D91A6A}.Ad-Hoc|iPhone.Deploy.0 = Release|Win32
		{253A7EE9-6AA6-41A1-BA9C-EC0242D91A6A}.Ad-Hoc|iPhoneSimulator.ActiveCfg = Release|Win32
		{253A7EE9-6AA6-41A1-BA9C-EC0242D91A6A}.Ad-Hoc|iPhoneSimulator.Build.0 = Release|Win32
		{253A7EE9-6AA6-41A1-BA9C-EC0242D91A6A}.Ad-Hoc|iPhoneSimulator.Deploy.0 = Release|Win32
		{253A7EE9-6AA6-41A1-BA9C-EC0242D91A6A}.Ad-Hoc|x64.ActiveCfg = Release|x64
		{253A7EE9-6AA6-41A1-BA9C-EC0242D91A6A}.Ad-Hoc|x64.Build.0 = Release|x64
		{253A7EE9-6AA6-41A1-BA9C-EC0242D91A6A}.Ad-Hoc|x64.Deploy.0 = Release|x64
		{253A7EE9-6AA6-41A1-BA9C-EC0242D91A6A}.Ad-Hoc|x86.ActiveCfg = Release|x86
		{253A7EE9-6AA6-41A1-BA9C-EC0242D91A6A}.Ad-Hoc|x86.Build.0 = Release|x86
		{253A7EE9-6AA6-41A1-BA9C-EC0242D91A6A}.Ad-Hoc|x86.Deploy.0 = Release|x86
		{253A7EE9-6AA6-41A1-BA9C-EC0242D91A6A}.AppStore|Any CPU.ActiveCfg = Release|Win32
		{253A7EE9-6AA6-41A1-BA9C-EC0242D91A6A}.AppStore|Any CPU.Build.0 = Release|Win32
		{253A7EE9-6AA6-41A1-BA9C-EC0242D91A6A}.AppStore|Any CPU.Deploy.0 = Release|Win32
		{253A7EE9-6AA6-41A1-BA9C-EC0242D91A6A}.AppStore|ARM.ActiveCfg = Release|ARM
		{253A7EE9-6AA6-41A1-BA9C-EC0242D91A6A}.AppStore|ARM.Build.0 = Release|ARM
		{253A7EE9-6AA6-41A1-BA9C-EC0242D91A6A}.AppStore|ARM.Deploy.0 = Release|ARM
		{253A7EE9-6AA6-41A1-BA9C-EC0242D91A6A}.AppStore|ARM64.ActiveCfg = Release|Win32
		{253A7EE9-6AA6-41A1-BA9C-EC0242D91A6A}.AppStore|ARM64.Build.0 = Release|Win32
		{253A7EE9-6AA6-41A1-BA9C-EC0242D91A6A}.AppStore|ARM64.Deploy.0 = Release|Win32
		{253A7EE9-6AA6-41A1-BA9C-EC0242D91A6A}.AppStore|iPhone.ActiveCfg = Release|Win32
		{253A7EE9-6AA6-41A1-BA9C-EC0242D91A6A}.AppStore|iPhone.Build.0 = Release|Win32
		{253A7EE9-6AA6-41A1-BA9C-EC0242D91A6A}.AppStore|iPhone.Deploy.0 = Release|Win32
		{253A7EE9-6AA6-41A1-BA9C-EC0242D91A6A}.AppStore|iPhoneSimulator.ActiveCfg = Release|Win32
		{253A7EE9-6AA6-41A1-BA9C-EC0242D91A6A}.AppStore|iPhoneSimulator.Build.0 = Release|Win32
		{253A7EE9-6AA6-41A1-BA9C-EC0242D91A6A}.AppStore|iPhoneSimulator.Deploy.0 = Release|Win32
		{253A7EE9-6AA6-41A1-BA9C-EC0242D91A6A}.AppStore|x64.ActiveCfg = Release|x64
		{253A7EE9-6AA6-41A1-BA9C-EC0242D91A6A}.AppStore|x64.Build.0 = Release|x64
		{253A7EE9-6AA6-41A1-BA9C-EC0242D91A6A}.AppStore|x64.Deploy.0 = Release|x64
		{253A7EE9-6AA6-41A1-BA9C-EC0242D91A6A}.AppStore|x86.ActiveCfg = Release|x86
		{253A7EE9-6AA6-41A1-BA9C-EC0242D91A6A}.AppStore|x86.Build.0 = Release|x86
		{253A7EE9-6AA6-41A1-BA9C-EC0242D91A6A}.AppStore|x86.Deploy.0 = Release|x86
		{253A7EE9-6AA6-41A1-BA9C-EC0242D91A6A}.Debug|Any CPU.ActiveCfg = Debug|x86
		{253A7EE9-6AA6-41A1-BA9C-EC0242D91A6A}.Debug|ARM.ActiveCfg = Debug|ARM
		{253A7EE9-6AA6-41A1-BA9C-EC0242D91A6A}.Debug|ARM.Build.0 = Debug|ARM
		{253A7EE9-6AA6-41A1-BA9C-EC0242D91A6A}.Debug|ARM.Deploy.0 = Debug|ARM
		{253A7EE9-6AA6-41A1-BA9C-EC0242D91A6A}.Debug|ARM64.ActiveCfg = Debug|x86
		{253A7EE9-6AA6-41A1-BA9C-EC0242D91A6A}.Debug|iPhone.ActiveCfg = Debug|x86
		{253A7EE9-6AA6-41A1-BA9C-EC0242D91A6A}.Debug|iPhoneSimulator.ActiveCfg = Debug|x86
		{253A7EE9-6AA6-41A1-BA9C-EC0242D91A6A}.Debug|x64.ActiveCfg = Debug|x64
		{253A7EE9-6AA6-41A1-BA9C-EC0242D91A6A}.Debug|x64.Build.0 = Debug|x64
		{253A7EE9-6AA6-41A1-BA9C-EC0242D91A6A}.Debug|x64.Deploy.0 = Debug|x64
		{253A7EE9-6AA6-41A1-BA9C-EC0242D91A6A}.Debug|x86.ActiveCfg = Debug|x86
		{253A7EE9-6AA6-41A1-BA9C-EC0242D91A6A}.Debug|x86.Build.0 = Debug|x86
		{253A7EE9-6AA6-41A1-BA9C-EC0242D91A6A}.Debug|x86.Deploy.0 = Debug|x86
		{253A7EE9-6AA6-41A1-BA9C-EC0242D91A6A}.Release|Any CPU.ActiveCfg = Release|x86
		{253A7EE9-6AA6-41A1-BA9C-EC0242D91A6A}.Release|ARM.ActiveCfg = Release|ARM
		{253A7EE9-6AA6-41A1-BA9C-EC0242D91A6A}.Release|ARM.Build.0 = Release|ARM
		{253A7EE9-6AA6-41A1-BA9C-EC0242D91A6A}.Release|ARM.Deploy.0 = Release|ARM
		{253A7EE9-6AA6-41A1-BA9C-EC0242D91A6A}.Release|ARM64.ActiveCfg = Release|x86
		{253A7EE9-6AA6-41A1-BA9C-EC0242D91A6A}.Release|iPhone.ActiveCfg = Release|x86
		{253A7EE9-6AA6-41A1-BA9C-EC0242D91A6A}.Release|iPhoneSimulator.ActiveCfg = Release|x86
		{253A7EE9-6AA6-41A1-BA9C-EC0242D91A6A}.Release|x64.ActiveCfg = Release|x64
		{253A7EE9-6AA6-41A1-BA9C-EC0242D91A6A}.Release|x64.Build.0 = Release|x64
		{253A7EE9-6AA6-41A1-BA9C-EC0242D91A6A}.Release|x64.Deploy.0 = Release|x64
		{253A7EE9-6AA6-41A1-BA9C-EC0242D91A6A}.Release|x86.ActiveCfg = Release|x86
		{253A7EE9-6AA6-41A1-BA9C-EC0242D91A6A}.Release|x86.Build.0 = Release|x86
		{253A7EE9-6AA6-41A1-BA9C-EC0242D91A6A}.Release|x86.Deploy.0 = Release|x86
		{3383B5C6-4DF1-46B9-957F-BDCD378DA700}.Ad-Hoc|Any CPU.ActiveCfg = Release|Any CPU
		{3383B5C6-4DF1-46B9-957F-BDCD378DA700}.Ad-Hoc|Any CPU.Build.0 = Release|Any CPU
		{3383B5C6-4DF1-46B9-957F-BDCD378DA700}.Ad-Hoc|ARM.ActiveCfg = Release|Any CPU
		{3383B5C6-4DF1-46B9-957F-BDCD378DA700}.Ad-Hoc|ARM.Build.0 = Release|Any CPU
		{3383B5C6-4DF1-46B9-957F-BDCD378DA700}.Ad-Hoc|ARM64.ActiveCfg = Release|Any CPU
		{3383B5C6-4DF1-46B9-957F-BDCD378DA700}.Ad-Hoc|ARM64.Build.0 = Release|Any CPU
		{3383B5C6-4DF1-46B9-957F-BDCD378DA700}.Ad-Hoc|iPhone.ActiveCfg = Release|Any CPU
		{3383B5C6-4DF1-46B9-957F-BDCD378DA700}.Ad-Hoc|iPhone.Build.0 = Release|Any CPU
		{3383B5C6-4DF1-46B9-957F-BDCD378DA700}.Ad-Hoc|iPhoneSimulator.ActiveCfg = Release|Any CPU
		{3383B5C6-4DF1-46B9-957F-BDCD378DA700}.Ad-Hoc|iPhoneSimulator.Build.0 = Release|Any CPU
		{3383B5C6-4DF1-46B9-957F-BDCD378DA700}.Ad-Hoc|x64.ActiveCfg = Release|Any CPU
		{3383B5C6-4DF1-46B9-957F-BDCD378DA700}.Ad-Hoc|x64.Build.0 = Release|Any CPU
		{3383B5C6-4DF1-46B9-957F-BDCD378DA700}.Ad-Hoc|x86.ActiveCfg = Release|Any CPU
		{3383B5C6-4DF1-46B9-957F-BDCD378DA700}.Ad-Hoc|x86.Build.0 = Release|Any CPU
		{3383B5C6-4DF1-46B9-957F-BDCD378DA700}.AppStore|Any CPU.ActiveCfg = Release|Any CPU
		{3383B5C6-4DF1-46B9-957F-BDCD378DA700}.AppStore|Any CPU.Build.0 = Release|Any CPU
		{3383B5C6-4DF1-46B9-957F-BDCD378DA700}.AppStore|ARM.ActiveCfg = Release|Any CPU
		{3383B5C6-4DF1-46B9-957F-BDCD378DA700}.AppStore|ARM.Build.0 = Release|Any CPU
		{3383B5C6-4DF1-46B9-957F-BDCD378DA700}.AppStore|ARM64.ActiveCfg = Release|Any CPU
		{3383B5C6-4DF1-46B9-957F-BDCD378DA700}.AppStore|ARM64.Build.0 = Release|Any CPU
		{3383B5C6-4DF1-46B9-957F-BDCD378DA700}.AppStore|iPhone.ActiveCfg = Release|Any CPU
		{3383B5C6-4DF1-46B9-957F-BDCD378DA700}.AppStore|iPhone.Build.0 = Release|Any CPU
		{3383B5C6-4DF1-46B9-957F-BDCD378DA700}.AppStore|iPhoneSimulator.ActiveCfg = Release|Any CPU
		{3383B5C6-4DF1-46B9-957F-BDCD378DA700}.AppStore|iPhoneSimulator.Build.0 = Release|Any CPU
		{3383B5C6-4DF1-46B9-957F-BDCD378DA700}.AppStore|x64.ActiveCfg = Release|Any CPU
		{3383B5C6-4DF1-46B9-957F-BDCD378DA700}.AppStore|x64.Build.0 = Release|Any CPU
		{3383B5C6-4DF1-46B9-957F-BDCD378DA700}.AppStore|x86.ActiveCfg = Release|Any CPU
		{3383B5C6-4DF1-46B9-957F-BDCD378DA700}.AppStore|x86.Build.0 = Release|Any CPU
		{3383B5C6-4DF1-46B9-957F-BDCD378DA700}.Debug|Any CPU.ActiveCfg = Debug|Any CPU
		{3383B5C6-4DF1-46B9-957F-BDCD378DA700}.Debug|ARM.ActiveCfg = Debug|Any CPU
		{3383B5C6-4DF1-46B9-957F-BDCD378DA700}.Debug|ARM.Build.0 = Debug|Any CPU
		{3383B5C6-4DF1-46B9-957F-BDCD378DA700}.Debug|ARM64.ActiveCfg = Debug|Any CPU
		{3383B5C6-4DF1-46B9-957F-BDCD378DA700}.Debug|ARM64.Build.0 = Debug|Any CPU
		{3383B5C6-4DF1-46B9-957F-BDCD378DA700}.Debug|iPhone.ActiveCfg = Debug|Any CPU
		{3383B5C6-4DF1-46B9-957F-BDCD378DA700}.Debug|iPhone.Build.0 = Debug|Any CPU
		{3383B5C6-4DF1-46B9-957F-BDCD378DA700}.Debug|iPhoneSimulator.ActiveCfg = Debug|Any CPU
		{3383B5C6-4DF1-46B9-957F-BDCD378DA700}.Debug|iPhoneSimulator.Build.0 = Debug|Any CPU
		{3383B5C6-4DF1-46B9-957F-BDCD378DA700}.Debug|x64.ActiveCfg = Debug|Any CPU
		{3383B5C6-4DF1-46B9-957F-BDCD378DA700}.Debug|x64.Build.0 = Debug|Any CPU
		{3383B5C6-4DF1-46B9-957F-BDCD378DA700}.Debug|x86.ActiveCfg = Debug|Any CPU
		{3383B5C6-4DF1-46B9-957F-BDCD378DA700}.Debug|x86.Build.0 = Debug|Any CPU
		{3383B5C6-4DF1-46B9-957F-BDCD378DA700}.Release|Any CPU.ActiveCfg = Release|Any CPU
		{3383B5C6-4DF1-46B9-957F-BDCD378DA700}.Release|Any CPU.Build.0 = Release|Any CPU
		{3383B5C6-4DF1-46B9-957F-BDCD378DA700}.Release|ARM.ActiveCfg = Release|Any CPU
		{3383B5C6-4DF1-46B9-957F-BDCD378DA700}.Release|ARM.Build.0 = Release|Any CPU
		{3383B5C6-4DF1-46B9-957F-BDCD378DA700}.Release|ARM64.ActiveCfg = Release|Any CPU
		{3383B5C6-4DF1-46B9-957F-BDCD378DA700}.Release|ARM64.Build.0 = Release|Any CPU
		{3383B5C6-4DF1-46B9-957F-BDCD378DA700}.Release|iPhone.ActiveCfg = Release|Any CPU
		{3383B5C6-4DF1-46B9-957F-BDCD378DA700}.Release|iPhone.Build.0 = Release|Any CPU
		{3383B5C6-4DF1-46B9-957F-BDCD378DA700}.Release|iPhoneSimulator.ActiveCfg = Release|Any CPU
		{3383B5C6-4DF1-46B9-957F-BDCD378DA700}.Release|iPhoneSimulator.Build.0 = Release|Any CPU
		{3383B5C6-4DF1-46B9-957F-BDCD378DA700}.Release|x64.ActiveCfg = Release|Any CPU
		{3383B5C6-4DF1-46B9-957F-BDCD378DA700}.Release|x64.Build.0 = Release|Any CPU
		{3383B5C6-4DF1-46B9-957F-BDCD378DA700}.Release|x86.ActiveCfg = Release|Any CPU
		{3383B5C6-4DF1-46B9-957F-BDCD378DA700}.Release|x86.Build.0 = Release|Any CPU
		{6DF527F0-B0AB-4232-8287-679943981124}.Ad-Hoc|Any CPU.ActiveCfg = Release|Any CPU
		{6DF527F0-B0AB-4232-8287-679943981124}.Ad-Hoc|Any CPU.Build.0 = Release|Any CPU
		{6DF527F0-B0AB-4232-8287-679943981124}.Ad-Hoc|Any CPU.Deploy.0 = Release|Any CPU
		{6DF527F0-B0AB-4232-8287-679943981124}.Ad-Hoc|ARM.ActiveCfg = Release|Any CPU
		{6DF527F0-B0AB-4232-8287-679943981124}.Ad-Hoc|ARM.Build.0 = Release|Any CPU
		{6DF527F0-B0AB-4232-8287-679943981124}.Ad-Hoc|ARM.Deploy.0 = Release|Any CPU
		{6DF527F0-B0AB-4232-8287-679943981124}.Ad-Hoc|ARM64.ActiveCfg = Release|Any CPU
		{6DF527F0-B0AB-4232-8287-679943981124}.Ad-Hoc|ARM64.Build.0 = Release|Any CPU
		{6DF527F0-B0AB-4232-8287-679943981124}.Ad-Hoc|ARM64.Deploy.0 = Release|Any CPU
		{6DF527F0-B0AB-4232-8287-679943981124}.Ad-Hoc|iPhone.ActiveCfg = Release|Any CPU
		{6DF527F0-B0AB-4232-8287-679943981124}.Ad-Hoc|iPhone.Build.0 = Release|Any CPU
		{6DF527F0-B0AB-4232-8287-679943981124}.Ad-Hoc|iPhone.Deploy.0 = Release|Any CPU
		{6DF527F0-B0AB-4232-8287-679943981124}.Ad-Hoc|iPhoneSimulator.ActiveCfg = Release|Any CPU
		{6DF527F0-B0AB-4232-8287-679943981124}.Ad-Hoc|iPhoneSimulator.Build.0 = Release|Any CPU
		{6DF527F0-B0AB-4232-8287-679943981124}.Ad-Hoc|iPhoneSimulator.Deploy.0 = Release|Any CPU
		{6DF527F0-B0AB-4232-8287-679943981124}.Ad-Hoc|x64.ActiveCfg = Release|Any CPU
		{6DF527F0-B0AB-4232-8287-679943981124}.Ad-Hoc|x64.Build.0 = Release|Any CPU
		{6DF527F0-B0AB-4232-8287-679943981124}.Ad-Hoc|x64.Deploy.0 = Release|Any CPU
		{6DF527F0-B0AB-4232-8287-679943981124}.Ad-Hoc|x86.ActiveCfg = Release|Any CPU
		{6DF527F0-B0AB-4232-8287-679943981124}.Ad-Hoc|x86.Build.0 = Release|Any CPU
		{6DF527F0-B0AB-4232-8287-679943981124}.Ad-Hoc|x86.Deploy.0 = Release|Any CPU
		{6DF527F0-B0AB-4232-8287-679943981124}.AppStore|Any CPU.ActiveCfg = Release|Any CPU
		{6DF527F0-B0AB-4232-8287-679943981124}.AppStore|Any CPU.Build.0 = Release|Any CPU
		{6DF527F0-B0AB-4232-8287-679943981124}.AppStore|Any CPU.Deploy.0 = Release|Any CPU
		{6DF527F0-B0AB-4232-8287-679943981124}.AppStore|ARM.ActiveCfg = Release|Any CPU
		{6DF527F0-B0AB-4232-8287-679943981124}.AppStore|ARM.Build.0 = Release|Any CPU
		{6DF527F0-B0AB-4232-8287-679943981124}.AppStore|ARM.Deploy.0 = Release|Any CPU
		{6DF527F0-B0AB-4232-8287-679943981124}.AppStore|ARM64.ActiveCfg = Release|Any CPU
		{6DF527F0-B0AB-4232-8287-679943981124}.AppStore|ARM64.Build.0 = Release|Any CPU
		{6DF527F0-B0AB-4232-8287-679943981124}.AppStore|ARM64.Deploy.0 = Release|Any CPU
		{6DF527F0-B0AB-4232-8287-679943981124}.AppStore|iPhone.ActiveCfg = Release|Any CPU
		{6DF527F0-B0AB-4232-8287-679943981124}.AppStore|iPhone.Build.0 = Release|Any CPU
		{6DF527F0-B0AB-4232-8287-679943981124}.AppStore|iPhone.Deploy.0 = Release|Any CPU
		{6DF527F0-B0AB-4232-8287-679943981124}.AppStore|iPhoneSimulator.ActiveCfg = Release|Any CPU
		{6DF527F0-B0AB-4232-8287-679943981124}.AppStore|iPhoneSimulator.Build.0 = Release|Any CPU
		{6DF527F0-B0AB-4232-8287-679943981124}.AppStore|iPhoneSimulator.Deploy.0 = Release|Any CPU
		{6DF527F0-B0AB-4232-8287-679943981124}.AppStore|x64.ActiveCfg = Release|Any CPU
		{6DF527F0-B0AB-4232-8287-679943981124}.AppStore|x64.Build.0 = Release|Any CPU
		{6DF527F0-B0AB-4232-8287-679943981124}.AppStore|x64.Deploy.0 = Release|Any CPU
		{6DF527F0-B0AB-4232-8287-679943981124}.AppStore|x86.ActiveCfg = Release|Any CPU
		{6DF527F0-B0AB-4232-8287-679943981124}.AppStore|x86.Build.0 = Release|Any CPU
		{6DF527F0-B0AB-4232-8287-679943981124}.AppStore|x86.Deploy.0 = Release|Any CPU
		{6DF527F0-B0AB-4232-8287-679943981124}.Debug|Any CPU.ActiveCfg = Debug|Any CPU
		{6DF527F0-B0AB-4232-8287-679943981124}.Debug|Any CPU.Build.0 = Debug|Any CPU
		{6DF527F0-B0AB-4232-8287-679943981124}.Debug|Any CPU.Deploy.0 = Debug|Any CPU
		{6DF527F0-B0AB-4232-8287-679943981124}.Debug|ARM.ActiveCfg = Debug|Any CPU
		{6DF527F0-B0AB-4232-8287-679943981124}.Debug|ARM.Build.0 = Debug|Any CPU
		{6DF527F0-B0AB-4232-8287-679943981124}.Debug|ARM.Deploy.0 = Debug|Any CPU
		{6DF527F0-B0AB-4232-8287-679943981124}.Debug|ARM64.ActiveCfg = Debug|Any CPU
		{6DF527F0-B0AB-4232-8287-679943981124}.Debug|ARM64.Build.0 = Debug|Any CPU
		{6DF527F0-B0AB-4232-8287-679943981124}.Debug|ARM64.Deploy.0 = Debug|Any CPU
		{6DF527F0-B0AB-4232-8287-679943981124}.Debug|iPhone.ActiveCfg = Debug|Any CPU
		{6DF527F0-B0AB-4232-8287-679943981124}.Debug|iPhone.Build.0 = Debug|Any CPU
		{6DF527F0-B0AB-4232-8287-679943981124}.Debug|iPhone.Deploy.0 = Debug|Any CPU
		{6DF527F0-B0AB-4232-8287-679943981124}.Debug|iPhoneSimulator.ActiveCfg = Debug|Any CPU
		{6DF527F0-B0AB-4232-8287-679943981124}.Debug|iPhoneSimulator.Build.0 = Debug|Any CPU
		{6DF527F0-B0AB-4232-8287-679943981124}.Debug|iPhoneSimulator.Deploy.0 = Debug|Any CPU
		{6DF527F0-B0AB-4232-8287-679943981124}.Debug|x64.ActiveCfg = Debug|Any CPU
		{6DF527F0-B0AB-4232-8287-679943981124}.Debug|x64.Build.0 = Debug|Any CPU
		{6DF527F0-B0AB-4232-8287-679943981124}.Debug|x64.Deploy.0 = Debug|Any CPU
		{6DF527F0-B0AB-4232-8287-679943981124}.Debug|x86.ActiveCfg = Debug|Any CPU
		{6DF527F0-B0AB-4232-8287-679943981124}.Debug|x86.Build.0 = Debug|Any CPU
		{6DF527F0-B0AB-4232-8287-679943981124}.Debug|x86.Deploy.0 = Debug|Any CPU
		{6DF527F0-B0AB-4232-8287-679943981124}.Release|Any CPU.ActiveCfg = Release|Any CPU
		{6DF527F0-B0AB-4232-8287-679943981124}.Release|Any CPU.Build.0 = Release|Any CPU
		{6DF527F0-B0AB-4232-8287-679943981124}.Release|Any CPU.Deploy.0 = Release|Any CPU
		{6DF527F0-B0AB-4232-8287-679943981124}.Release|ARM.ActiveCfg = Release|Any CPU
		{6DF527F0-B0AB-4232-8287-679943981124}.Release|ARM.Build.0 = Release|Any CPU
		{6DF527F0-B0AB-4232-8287-679943981124}.Release|ARM.Deploy.0 = Release|Any CPU
		{6DF527F0-B0AB-4232-8287-679943981124}.Release|ARM64.ActiveCfg = Release|Any CPU
		{6DF527F0-B0AB-4232-8287-679943981124}.Release|ARM64.Build.0 = Release|Any CPU
		{6DF527F0-B0AB-4232-8287-679943981124}.Release|ARM64.Deploy.0 = Release|Any CPU
		{6DF527F0-B0AB-4232-8287-679943981124}.Release|iPhone.ActiveCfg = Release|Any CPU
		{6DF527F0-B0AB-4232-8287-679943981124}.Release|iPhone.Build.0 = Release|Any CPU
		{6DF527F0-B0AB-4232-8287-679943981124}.Release|iPhone.Deploy.0 = Release|Any CPU
		{6DF527F0-B0AB-4232-8287-679943981124}.Release|iPhoneSimulator.ActiveCfg = Release|Any CPU
		{6DF527F0-B0AB-4232-8287-679943981124}.Release|iPhoneSimulator.Build.0 = Release|Any CPU
		{6DF527F0-B0AB-4232-8287-679943981124}.Release|iPhoneSimulator.Deploy.0 = Release|Any CPU
		{6DF527F0-B0AB-4232-8287-679943981124}.Release|x64.ActiveCfg = Release|Any CPU
		{6DF527F0-B0AB-4232-8287-679943981124}.Release|x64.Build.0 = Release|Any CPU
		{6DF527F0-B0AB-4232-8287-679943981124}.Release|x64.Deploy.0 = Release|Any CPU
		{6DF527F0-B0AB-4232-8287-679943981124}.Release|x86.ActiveCfg = Release|Any CPU
		{6DF527F0-B0AB-4232-8287-679943981124}.Release|x86.Build.0 = Release|Any CPU
		{6DF527F0-B0AB-4232-8287-679943981124}.Release|x86.Deploy.0 = Release|Any CPU
		{2E179B92-B3E5-49DA-8EBD-8B12BF000D7D}.Ad-Hoc|Any CPU.ActiveCfg = Ad-Hoc|iPhone
		{2E179B92-B3E5-49DA-8EBD-8B12BF000D7D}.Ad-Hoc|ARM.ActiveCfg = Ad-Hoc|iPhone
		{2E179B92-B3E5-49DA-8EBD-8B12BF000D7D}.Ad-Hoc|ARM64.ActiveCfg = Ad-Hoc|iPhone
		{2E179B92-B3E5-49DA-8EBD-8B12BF000D7D}.Ad-Hoc|iPhone.ActiveCfg = Ad-Hoc|iPhone
		{2E179B92-B3E5-49DA-8EBD-8B12BF000D7D}.Ad-Hoc|iPhone.Build.0 = Ad-Hoc|iPhone
		{2E179B92-B3E5-49DA-8EBD-8B12BF000D7D}.Ad-Hoc|iPhoneSimulator.ActiveCfg = Ad-Hoc|iPhoneSimulator
		{2E179B92-B3E5-49DA-8EBD-8B12BF000D7D}.Ad-Hoc|iPhoneSimulator.Build.0 = Ad-Hoc|iPhoneSimulator
		{2E179B92-B3E5-49DA-8EBD-8B12BF000D7D}.Ad-Hoc|x64.ActiveCfg = Ad-Hoc|iPhone
		{2E179B92-B3E5-49DA-8EBD-8B12BF000D7D}.Ad-Hoc|x86.ActiveCfg = Ad-Hoc|iPhone
		{2E179B92-B3E5-49DA-8EBD-8B12BF000D7D}.AppStore|Any CPU.ActiveCfg = AppStore|iPhone
		{2E179B92-B3E5-49DA-8EBD-8B12BF000D7D}.AppStore|ARM.ActiveCfg = AppStore|iPhone
		{2E179B92-B3E5-49DA-8EBD-8B12BF000D7D}.AppStore|ARM64.ActiveCfg = AppStore|iPhone
		{2E179B92-B3E5-49DA-8EBD-8B12BF000D7D}.AppStore|iPhone.ActiveCfg = AppStore|iPhone
		{2E179B92-B3E5-49DA-8EBD-8B12BF000D7D}.AppStore|iPhone.Build.0 = AppStore|iPhone
		{2E179B92-B3E5-49DA-8EBD-8B12BF000D7D}.AppStore|iPhoneSimulator.ActiveCfg = AppStore|iPhoneSimulator
		{2E179B92-B3E5-49DA-8EBD-8B12BF000D7D}.AppStore|iPhoneSimulator.Build.0 = AppStore|iPhoneSimulator
		{2E179B92-B3E5-49DA-8EBD-8B12BF000D7D}.AppStore|x64.ActiveCfg = AppStore|iPhone
		{2E179B92-B3E5-49DA-8EBD-8B12BF000D7D}.AppStore|x86.ActiveCfg = AppStore|iPhone
		{2E179B92-B3E5-49DA-8EBD-8B12BF000D7D}.Debug|Any CPU.ActiveCfg = Debug|iPhone
		{2E179B92-B3E5-49DA-8EBD-8B12BF000D7D}.Debug|ARM.ActiveCfg = Debug|iPhone
		{2E179B92-B3E5-49DA-8EBD-8B12BF000D7D}.Debug|ARM64.ActiveCfg = Debug|iPhone
		{2E179B92-B3E5-49DA-8EBD-8B12BF000D7D}.Debug|iPhone.ActiveCfg = Debug|iPhone
		{2E179B92-B3E5-49DA-8EBD-8B12BF000D7D}.Debug|iPhone.Build.0 = Debug|iPhone
		{2E179B92-B3E5-49DA-8EBD-8B12BF000D7D}.Debug|iPhoneSimulator.ActiveCfg = Debug|iPhoneSimulator
		{2E179B92-B3E5-49DA-8EBD-8B12BF000D7D}.Debug|iPhoneSimulator.Build.0 = Debug|iPhoneSimulator
		{2E179B92-B3E5-49DA-8EBD-8B12BF000D7D}.Debug|x64.ActiveCfg = Debug|iPhone
		{2E179B92-B3E5-49DA-8EBD-8B12BF000D7D}.Debug|x86.ActiveCfg = Debug|iPhone
		{2E179B92-B3E5-49DA-8EBD-8B12BF000D7D}.Release|Any CPU.ActiveCfg = Release|iPhone
		{2E179B92-B3E5-49DA-8EBD-8B12BF000D7D}.Release|ARM.ActiveCfg = Release|iPhone
		{2E179B92-B3E5-49DA-8EBD-8B12BF000D7D}.Release|ARM64.ActiveCfg = Release|iPhone
		{2E179B92-B3E5-49DA-8EBD-8B12BF000D7D}.Release|iPhone.ActiveCfg = Release|iPhone
		{2E179B92-B3E5-49DA-8EBD-8B12BF000D7D}.Release|iPhone.Build.0 = Release|iPhone
		{2E179B92-B3E5-49DA-8EBD-8B12BF000D7D}.Release|iPhoneSimulator.ActiveCfg = Release|iPhoneSimulator
		{2E179B92-B3E5-49DA-8EBD-8B12BF000D7D}.Release|iPhoneSimulator.Build.0 = Release|iPhoneSimulator
		{2E179B92-B3E5-49DA-8EBD-8B12BF000D7D}.Release|x64.ActiveCfg = Release|iPhone
		{2E179B92-B3E5-49DA-8EBD-8B12BF000D7D}.Release|x86.ActiveCfg = Release|iPhone
		{94EB2877-0C6D-4C33-87F9-B64C5A115E72}.Ad-Hoc|Any CPU.ActiveCfg = Debug|Any CPU
		{94EB2877-0C6D-4C33-87F9-B64C5A115E72}.Ad-Hoc|Any CPU.Build.0 = Debug|Any CPU
		{94EB2877-0C6D-4C33-87F9-B64C5A115E72}.Ad-Hoc|ARM.ActiveCfg = Debug|Any CPU
		{94EB2877-0C6D-4C33-87F9-B64C5A115E72}.Ad-Hoc|ARM.Build.0 = Debug|Any CPU
		{94EB2877-0C6D-4C33-87F9-B64C5A115E72}.Ad-Hoc|ARM64.ActiveCfg = Debug|Any CPU
		{94EB2877-0C6D-4C33-87F9-B64C5A115E72}.Ad-Hoc|ARM64.Build.0 = Debug|Any CPU
		{94EB2877-0C6D-4C33-87F9-B64C5A115E72}.Ad-Hoc|iPhone.ActiveCfg = Debug|Any CPU
		{94EB2877-0C6D-4C33-87F9-B64C5A115E72}.Ad-Hoc|iPhone.Build.0 = Debug|Any CPU
		{94EB2877-0C6D-4C33-87F9-B64C5A115E72}.Ad-Hoc|iPhoneSimulator.ActiveCfg = Debug|Any CPU
		{94EB2877-0C6D-4C33-87F9-B64C5A115E72}.Ad-Hoc|iPhoneSimulator.Build.0 = Debug|Any CPU
		{94EB2877-0C6D-4C33-87F9-B64C5A115E72}.Ad-Hoc|x64.ActiveCfg = Debug|Any CPU
		{94EB2877-0C6D-4C33-87F9-B64C5A115E72}.Ad-Hoc|x64.Build.0 = Debug|Any CPU
		{94EB2877-0C6D-4C33-87F9-B64C5A115E72}.Ad-Hoc|x86.ActiveCfg = Debug|Any CPU
		{94EB2877-0C6D-4C33-87F9-B64C5A115E72}.Ad-Hoc|x86.Build.0 = Debug|Any CPU
		{94EB2877-0C6D-4C33-87F9-B64C5A115E72}.AppStore|Any CPU.ActiveCfg = Debug|Any CPU
		{94EB2877-0C6D-4C33-87F9-B64C5A115E72}.AppStore|Any CPU.Build.0 = Debug|Any CPU
		{94EB2877-0C6D-4C33-87F9-B64C5A115E72}.AppStore|ARM.ActiveCfg = Debug|Any CPU
		{94EB2877-0C6D-4C33-87F9-B64C5A115E72}.AppStore|ARM.Build.0 = Debug|Any CPU
		{94EB2877-0C6D-4C33-87F9-B64C5A115E72}.AppStore|ARM64.ActiveCfg = Debug|Any CPU
		{94EB2877-0C6D-4C33-87F9-B64C5A115E72}.AppStore|ARM64.Build.0 = Debug|Any CPU
		{94EB2877-0C6D-4C33-87F9-B64C5A115E72}.AppStore|iPhone.ActiveCfg = Debug|Any CPU
		{94EB2877-0C6D-4C33-87F9-B64C5A115E72}.AppStore|iPhone.Build.0 = Debug|Any CPU
		{94EB2877-0C6D-4C33-87F9-B64C5A115E72}.AppStore|iPhoneSimulator.ActiveCfg = Debug|Any CPU
		{94EB2877-0C6D-4C33-87F9-B64C5A115E72}.AppStore|iPhoneSimulator.Build.0 = Debug|Any CPU
		{94EB2877-0C6D-4C33-87F9-B64C5A115E72}.AppStore|x64.ActiveCfg = Debug|Any CPU
		{94EB2877-0C6D-4C33-87F9-B64C5A115E72}.AppStore|x64.Build.0 = Debug|Any CPU
		{94EB2877-0C6D-4C33-87F9-B64C5A115E72}.AppStore|x86.ActiveCfg = Debug|Any CPU
		{94EB2877-0C6D-4C33-87F9-B64C5A115E72}.AppStore|x86.Build.0 = Debug|Any CPU
		{94EB2877-0C6D-4C33-87F9-B64C5A115E72}.Debug|Any CPU.ActiveCfg = Debug|Any CPU
		{94EB2877-0C6D-4C33-87F9-B64C5A115E72}.Debug|Any CPU.Build.0 = Debug|Any CPU
		{94EB2877-0C6D-4C33-87F9-B64C5A115E72}.Debug|ARM.ActiveCfg = Debug|Any CPU
		{94EB2877-0C6D-4C33-87F9-B64C5A115E72}.Debug|ARM.Build.0 = Debug|Any CPU
		{94EB2877-0C6D-4C33-87F9-B64C5A115E72}.Debug|ARM64.ActiveCfg = Debug|Any CPU
		{94EB2877-0C6D-4C33-87F9-B64C5A115E72}.Debug|ARM64.Build.0 = Debug|Any CPU
		{94EB2877-0C6D-4C33-87F9-B64C5A115E72}.Debug|iPhone.ActiveCfg = Debug|Any CPU
		{94EB2877-0C6D-4C33-87F9-B64C5A115E72}.Debug|iPhone.Build.0 = Debug|Any CPU
		{94EB2877-0C6D-4C33-87F9-B64C5A115E72}.Debug|iPhoneSimulator.ActiveCfg = Debug|Any CPU
		{94EB2877-0C6D-4C33-87F9-B64C5A115E72}.Debug|iPhoneSimulator.Build.0 = Debug|Any CPU
		{94EB2877-0C6D-4C33-87F9-B64C5A115E72}.Debug|x64.ActiveCfg = Debug|Any CPU
		{94EB2877-0C6D-4C33-87F9-B64C5A115E72}.Debug|x64.Build.0 = Debug|Any CPU
		{94EB2877-0C6D-4C33-87F9-B64C5A115E72}.Debug|x86.ActiveCfg = Debug|Any CPU
		{94EB2877-0C6D-4C33-87F9-B64C5A115E72}.Debug|x86.Build.0 = Debug|Any CPU
		{94EB2877-0C6D-4C33-87F9-B64C5A115E72}.Release|Any CPU.ActiveCfg = Release|Any CPU
		{94EB2877-0C6D-4C33-87F9-B64C5A115E72}.Release|Any CPU.Build.0 = Release|Any CPU
		{94EB2877-0C6D-4C33-87F9-B64C5A115E72}.Release|ARM.ActiveCfg = Release|Any CPU
		{94EB2877-0C6D-4C33-87F9-B64C5A115E72}.Release|ARM.Build.0 = Release|Any CPU
		{94EB2877-0C6D-4C33-87F9-B64C5A115E72}.Release|ARM64.ActiveCfg = Release|Any CPU
		{94EB2877-0C6D-4C33-87F9-B64C5A115E72}.Release|ARM64.Build.0 = Release|Any CPU
		{94EB2877-0C6D-4C33-87F9-B64C5A115E72}.Release|iPhone.ActiveCfg = Release|Any CPU
		{94EB2877-0C6D-4C33-87F9-B64C5A115E72}.Release|iPhone.Build.0 = Release|Any CPU
		{94EB2877-0C6D-4C33-87F9-B64C5A115E72}.Release|iPhoneSimulator.ActiveCfg = Release|Any CPU
		{94EB2877-0C6D-4C33-87F9-B64C5A115E72}.Release|iPhoneSimulator.Build.0 = Release|Any CPU
		{94EB2877-0C6D-4C33-87F9-B64C5A115E72}.Release|x64.ActiveCfg = Release|Any CPU
		{94EB2877-0C6D-4C33-87F9-B64C5A115E72}.Release|x64.Build.0 = Release|Any CPU
		{94EB2877-0C6D-4C33-87F9-B64C5A115E72}.Release|x86.ActiveCfg = Release|Any CPU
		{94EB2877-0C6D-4C33-87F9-B64C5A115E72}.Release|x86.Build.0 = Release|Any CPU
		{9FEB540B-A4C0-4F85-80EE-8A2D600FA53B}.Ad-Hoc|Any CPU.ActiveCfg = Debug|Any CPU
		{9FEB540B-A4C0-4F85-80EE-8A2D600FA53B}.Ad-Hoc|Any CPU.Build.0 = Debug|Any CPU
		{9FEB540B-A4C0-4F85-80EE-8A2D600FA53B}.Ad-Hoc|ARM.ActiveCfg = Debug|Any CPU
		{9FEB540B-A4C0-4F85-80EE-8A2D600FA53B}.Ad-Hoc|ARM.Build.0 = Debug|Any CPU
		{9FEB540B-A4C0-4F85-80EE-8A2D600FA53B}.Ad-Hoc|ARM64.ActiveCfg = Debug|Any CPU
		{9FEB540B-A4C0-4F85-80EE-8A2D600FA53B}.Ad-Hoc|ARM64.Build.0 = Debug|Any CPU
		{9FEB540B-A4C0-4F85-80EE-8A2D600FA53B}.Ad-Hoc|iPhone.ActiveCfg = Debug|Any CPU
		{9FEB540B-A4C0-4F85-80EE-8A2D600FA53B}.Ad-Hoc|iPhone.Build.0 = Debug|Any CPU
		{9FEB540B-A4C0-4F85-80EE-8A2D600FA53B}.Ad-Hoc|iPhoneSimulator.ActiveCfg = Debug|Any CPU
		{9FEB540B-A4C0-4F85-80EE-8A2D600FA53B}.Ad-Hoc|iPhoneSimulator.Build.0 = Debug|Any CPU
		{9FEB540B-A4C0-4F85-80EE-8A2D600FA53B}.Ad-Hoc|x64.ActiveCfg = Debug|Any CPU
		{9FEB540B-A4C0-4F85-80EE-8A2D600FA53B}.Ad-Hoc|x64.Build.0 = Debug|Any CPU
		{9FEB540B-A4C0-4F85-80EE-8A2D600FA53B}.Ad-Hoc|x86.ActiveCfg = Debug|Any CPU
		{9FEB540B-A4C0-4F85-80EE-8A2D600FA53B}.Ad-Hoc|x86.Build.0 = Debug|Any CPU
		{9FEB540B-A4C0-4F85-80EE-8A2D600FA53B}.AppStore|Any CPU.ActiveCfg = Debug|Any CPU
		{9FEB540B-A4C0-4F85-80EE-8A2D600FA53B}.AppStore|Any CPU.Build.0 = Debug|Any CPU
		{9FEB540B-A4C0-4F85-80EE-8A2D600FA53B}.AppStore|ARM.ActiveCfg = Debug|Any CPU
		{9FEB540B-A4C0-4F85-80EE-8A2D600FA53B}.AppStore|ARM.Build.0 = Debug|Any CPU
		{9FEB540B-A4C0-4F85-80EE-8A2D600FA53B}.AppStore|ARM64.ActiveCfg = Debug|Any CPU
		{9FEB540B-A4C0-4F85-80EE-8A2D600FA53B}.AppStore|ARM64.Build.0 = Debug|Any CPU
		{9FEB540B-A4C0-4F85-80EE-8A2D600FA53B}.AppStore|iPhone.ActiveCfg = Debug|Any CPU
		{9FEB540B-A4C0-4F85-80EE-8A2D600FA53B}.AppStore|iPhone.Build.0 = Debug|Any CPU
		{9FEB540B-A4C0-4F85-80EE-8A2D600FA53B}.AppStore|iPhoneSimulator.ActiveCfg = Debug|Any CPU
		{9FEB540B-A4C0-4F85-80EE-8A2D600FA53B}.AppStore|iPhoneSimulator.Build.0 = Debug|Any CPU
		{9FEB540B-A4C0-4F85-80EE-8A2D600FA53B}.AppStore|x64.ActiveCfg = Debug|Any CPU
		{9FEB540B-A4C0-4F85-80EE-8A2D600FA53B}.AppStore|x64.Build.0 = Debug|Any CPU
		{9FEB540B-A4C0-4F85-80EE-8A2D600FA53B}.AppStore|x86.ActiveCfg = Debug|Any CPU
		{9FEB540B-A4C0-4F85-80EE-8A2D600FA53B}.AppStore|x86.Build.0 = Debug|Any CPU
		{9FEB540B-A4C0-4F85-80EE-8A2D600FA53B}.Debug|Any CPU.ActiveCfg = Debug|Any CPU
		{9FEB540B-A4C0-4F85-80EE-8A2D600FA53B}.Debug|Any CPU.Build.0 = Debug|Any CPU
		{9FEB540B-A4C0-4F85-80EE-8A2D600FA53B}.Debug|ARM.ActiveCfg = Debug|Any CPU
		{9FEB540B-A4C0-4F85-80EE-8A2D600FA53B}.Debug|ARM.Build.0 = Debug|Any CPU
		{9FEB540B-A4C0-4F85-80EE-8A2D600FA53B}.Debug|ARM64.ActiveCfg = Debug|Any CPU
		{9FEB540B-A4C0-4F85-80EE-8A2D600FA53B}.Debug|ARM64.Build.0 = Debug|Any CPU
		{9FEB540B-A4C0-4F85-80EE-8A2D600FA53B}.Debug|iPhone.ActiveCfg = Debug|Any CPU
		{9FEB540B-A4C0-4F85-80EE-8A2D600FA53B}.Debug|iPhone.Build.0 = Debug|Any CPU
		{9FEB540B-A4C0-4F85-80EE-8A2D600FA53B}.Debug|iPhoneSimulator.ActiveCfg = Debug|Any CPU
		{9FEB540B-A4C0-4F85-80EE-8A2D600FA53B}.Debug|iPhoneSimulator.Build.0 = Debug|Any CPU
		{9FEB540B-A4C0-4F85-80EE-8A2D600FA53B}.Debug|x64.ActiveCfg = Debug|Any CPU
		{9FEB540B-A4C0-4F85-80EE-8A2D600FA53B}.Debug|x64.Build.0 = Debug|Any CPU
		{9FEB540B-A4C0-4F85-80EE-8A2D600FA53B}.Debug|x86.ActiveCfg = Debug|Any CPU
		{9FEB540B-A4C0-4F85-80EE-8A2D600FA53B}.Debug|x86.Build.0 = Debug|Any CPU
		{9FEB540B-A4C0-4F85-80EE-8A2D600FA53B}.Release|Any CPU.ActiveCfg = Release|Any CPU
		{9FEB540B-A4C0-4F85-80EE-8A2D600FA53B}.Release|Any CPU.Build.0 = Release|Any CPU
		{9FEB540B-A4C0-4F85-80EE-8A2D600FA53B}.Release|ARM.ActiveCfg = Release|Any CPU
		{9FEB540B-A4C0-4F85-80EE-8A2D600FA53B}.Release|ARM.Build.0 = Release|Any CPU
		{9FEB540B-A4C0-4F85-80EE-8A2D600FA53B}.Release|ARM64.ActiveCfg = Release|Any CPU
		{9FEB540B-A4C0-4F85-80EE-8A2D600FA53B}.Release|ARM64.Build.0 = Release|Any CPU
		{9FEB540B-A4C0-4F85-80EE-8A2D600FA53B}.Release|iPhone.ActiveCfg = Release|Any CPU
		{9FEB540B-A4C0-4F85-80EE-8A2D600FA53B}.Release|iPhone.Build.0 = Release|Any CPU
		{9FEB540B-A4C0-4F85-80EE-8A2D600FA53B}.Release|iPhoneSimulator.ActiveCfg = Release|Any CPU
		{9FEB540B-A4C0-4F85-80EE-8A2D600FA53B}.Release|iPhoneSimulator.Build.0 = Release|Any CPU
		{9FEB540B-A4C0-4F85-80EE-8A2D600FA53B}.Release|x64.ActiveCfg = Release|Any CPU
		{9FEB540B-A4C0-4F85-80EE-8A2D600FA53B}.Release|x64.Build.0 = Release|Any CPU
		{9FEB540B-A4C0-4F85-80EE-8A2D600FA53B}.Release|x86.ActiveCfg = Release|Any CPU
		{9FEB540B-A4C0-4F85-80EE-8A2D600FA53B}.Release|x86.Build.0 = Release|Any CPU
	EndGlobalSection
	GlobalSection(SolutionProperties) = preSolution
		HideSolutionNode = FALSE
	EndGlobalSection
	GlobalSection(ExtensibilityGlobals) = postSolution
		SolutionGuid = {7BC52407-91A1-4B24-B13E-26F2D58DB15D}
	EndGlobalSection
EndGlobal
