
Microsoft Visual Studio Solution File, Format Version 12.00
# Visual Studio 15
VisualStudioVersion = 15.0.28307.421
MinimumVisualStudioVersion = 10.0.40219.1
Project("{9A19103F-16F7-4668-BE54-9A1E7A4F7556}") = "backend", "backend\backend.csproj", "{FE4B1D2E-EC32-467B-8ACE-0E32A949AAD0}"
EndProject
Project("{FAE04EC0-301F-11D3-BF4B-00C04F79EFBC}") = "uwp app", "uwp app\uwp app.csproj", "{253A7EE9-6AA6-41A1-BA9C-EC0242D91A6A}"
EndProject
Project("{9A19103F-16F7-4668-BE54-9A1E7A4F7556}") = "uwp app.Core", "uwp app.Core\uwp app.Core.csproj", "{3383B5C6-4DF1-46B9-957F-BDCD378DA700}"
EndProject
Global
	GlobalSection(SolutionConfigurationPlatforms) = preSolution
		Debug|Any CPU = Debug|Any CPU
		Debug|ARM = Debug|ARM
		Debug|ARM64 = Debug|ARM64
		Debug|x64 = Debug|x64
		Debug|x86 = Debug|x86
		Release|Any CPU = Release|Any CPU
		Release|ARM = Release|ARM
		Release|ARM64 = Release|ARM64
		Release|x64 = Release|x64
		Release|x86 = Release|x86
	EndGlobalSection
	GlobalSection(ProjectConfigurationPlatforms) = postSolution
		{FE4B1D2E-EC32-467B-8ACE-0E32A949AAD0}.Debug|Any CPU.ActiveCfg = Debug|Any CPU
		{FE4B1D2E-EC32-467B-8ACE-0E32A949AAD0}.Debug|Any CPU.Build.0 = Debug|Any CPU
		{FE4B1D2E-EC32-467B-8ACE-0E32A949AAD0}.Debug|ARM.ActiveCfg = Debug|Any CPU
		{FE4B1D2E-EC32-467B-8ACE-0E32A949AAD0}.Debug|ARM.Build.0 = Debug|Any CPU
		{FE4B1D2E-EC32-467B-8ACE-0E32A949AAD0}.Debug|ARM64.ActiveCfg = Debug|Any CPU
		{FE4B1D2E-EC32-467B-8ACE-0E32A949AAD0}.Debug|ARM64.Build.0 = Debug|Any CPU
		{FE4B1D2E-EC32-467B-8ACE-0E32A949AAD0}.Debug|x64.ActiveCfg = Debug|Any CPU
		{FE4B1D2E-EC32-467B-8ACE-0E32A949AAD0}.Debug|x64.Build.0 = Debug|Any CPU
		{FE4B1D2E-EC32-467B-8ACE-0E32A949AAD0}.Debug|x86.ActiveCfg = Debug|Any CPU
		{FE4B1D2E-EC32-467B-8ACE-0E32A949AAD0}.Debug|x86.Build.0 = Debug|Any CPU
		{FE4B1D2E-EC32-467B-8ACE-0E32A949AAD0}.Release|Any CPU.ActiveCfg = Release|Any CPU
		{FE4B1D2E-EC32-467B-8ACE-0E32A949AAD0}.Release|Any CPU.Build.0 = Release|Any CPU
		{FE4B1D2E-EC32-467B-8ACE-0E32A949AAD0}.Release|ARM.ActiveCfg = Release|Any CPU
		{FE4B1D2E-EC32-467B-8ACE-0E32A949AAD0}.Release|ARM.Build.0 = Release|Any CPU
		{FE4B1D2E-EC32-467B-8ACE-0E32A949AAD0}.Release|ARM64.ActiveCfg = Release|Any CPU
		{FE4B1D2E-EC32-467B-8ACE-0E32A949AAD0}.Release|ARM64.Build.0 = Release|Any CPU
		{FE4B1D2E-EC32-467B-8ACE-0E32A949AAD0}.Release|x64.ActiveCfg = Release|Any CPU
		{FE4B1D2E-EC32-467B-8ACE-0E32A949AAD0}.Release|x64.Build.0 = Release|Any CPU
		{FE4B1D2E-EC32-467B-8ACE-0E32A949AAD0}.Release|x86.ActiveCfg = Release|Any CPU
		{FE4B1D2E-EC32-467B-8ACE-0E32A949AAD0}.Release|x86.Build.0 = Release|Any CPU
		{253A7EE9-6AA6-41A1-BA9C-EC0242D91A6A}.Debug|Any CPU.ActiveCfg = Debug|x86
		{253A7EE9-6AA6-41A1-BA9C-EC0242D91A6A}.Debug|ARM.ActiveCfg = Debug|ARM
		{253A7EE9-6AA6-41A1-BA9C-EC0242D91A6A}.Debug|ARM.Build.0 = Debug|ARM
		{253A7EE9-6AA6-41A1-BA9C-EC0242D91A6A}.Debug|ARM.Deploy.0 = Debug|ARM
		{253A7EE9-6AA6-41A1-BA9C-EC0242D91A6A}.Debug|ARM64.ActiveCfg = Debug|x86
		{253A7EE9-6AA6-41A1-BA9C-EC0242D91A6A}.Debug|x64.ActiveCfg = Debug|x64
		{253A7EE9-6AA6-41A1-BA9C-EC0242D91A6A}.Debug|x64.Build.0 = Debug|x64
		{253A7EE9-6AA6-41A1-BA9C-EC0242D91A6A}.Debug|x64.Deploy.0 = Debug|x64
		{253A7EE9-6AA6-41A1-BA9C-EC0242D91A6A}.Debug|x86.ActiveCfg = Debug|x86
		{253A7EE9-6AA6-41A1-BA9C-EC0242D91A6A}.Debug|x86.Build.0 = Debug|x86
		{253A7EE9-6AA6-41A1-BA9C-EC0242D91A6A}.Debug|x86.Deploy.0 = Debug|x86
		{253A7EE9-6AA6-41A1-BA9C-EC0242D91A6A}.Release|Any CPU.ActiveCfg = Release|x86
		{253A7EE9-6AA6-41A1-BA9C-EC0242D91A6A}.Release|ARM.ActiveCfg = Release|ARM
		{253A7EE9-6AA6-41A1-BA9C-EC0242D91A6A}.Release|ARM.Build.0 = Release|ARM
		{253A7EE9-6AA6-41A1-BA9C-EC0242D91A6A}.Release|ARM.Deploy.0 = Release|ARM
		{253A7EE9-6AA6-41A1-BA9C-EC0242D91A6A}.Release|ARM64.ActiveCfg = Release|x86
		{253A7EE9-6AA6-41A1-BA9C-EC0242D91A6A}.Release|x64.ActiveCfg = Release|x64
		{253A7EE9-6AA6-41A1-BA9C-EC0242D91A6A}.Release|x64.Build.0 = Release|x64
		{253A7EE9-6AA6-41A1-BA9C-EC0242D91A6A}.Release|x64.Deploy.0 = Release|x64
		{253A7EE9-6AA6-41A1-BA9C-EC0242D91A6A}.Release|x86.ActiveCfg = Release|x86
		{253A7EE9-6AA6-41A1-BA9C-EC0242D91A6A}.Release|x86.Build.0 = Release|x86
		{253A7EE9-6AA6-41A1-BA9C-EC0242D91A6A}.Release|x86.Deploy.0 = Release|x86
		{3383B5C6-4DF1-46B9-957F-BDCD378DA700}.Debug|Any CPU.ActiveCfg = Debug|Any CPU
		{3383B5C6-4DF1-46B9-957F-BDCD378DA700}.Debug|Any CPU.Build.0 = Debug|Any CPU
		{3383B5C6-4DF1-46B9-957F-BDCD378DA700}.Debug|ARM.ActiveCfg = Debug|Any CPU
		{3383B5C6-4DF1-46B9-957F-BDCD378DA700}.Debug|ARM.Build.0 = Debug|Any CPU
		{3383B5C6-4DF1-46B9-957F-BDCD378DA700}.Debug|ARM64.ActiveCfg = Debug|Any CPU
		{3383B5C6-4DF1-46B9-957F-BDCD378DA700}.Debug|ARM64.Build.0 = Debug|Any CPU
		{3383B5C6-4DF1-46B9-957F-BDCD378DA700}.Debug|x64.ActiveCfg = Debug|Any CPU
		{3383B5C6-4DF1-46B9-957F-BDCD378DA700}.Debug|x64.Build.0 = Debug|Any CPU
		{3383B5C6-4DF1-46B9-957F-BDCD378DA700}.Debug|x86.ActiveCfg = Debug|Any CPU
		{3383B5C6-4DF1-46B9-957F-BDCD378DA700}.Debug|x86.Build.0 = Debug|Any CPU
		{3383B5C6-4DF1-46B9-957F-BDCD378DA700}.Release|Any CPU.ActiveCfg = Release|Any CPU
		{3383B5C6-4DF1-46B9-957F-BDCD378DA700}.Release|Any CPU.Build.0 = Release|Any CPU
		{3383B5C6-4DF1-46B9-957F-BDCD378DA700}.Release|ARM.ActiveCfg = Release|Any CPU
		{3383B5C6-4DF1-46B9-957F-BDCD378DA700}.Release|ARM.Build.0 = Release|Any CPU
		{3383B5C6-4DF1-46B9-957F-BDCD378DA700}.Release|ARM64.ActiveCfg = Release|Any CPU
		{3383B5C6-4DF1-46B9-957F-BDCD378DA700}.Release|ARM64.Build.0 = Release|Any CPU
		{3383B5C6-4DF1-46B9-957F-BDCD378DA700}.Release|x64.ActiveCfg = Release|Any CPU
		{3383B5C6-4DF1-46B9-957F-BDCD378DA700}.Release|x64.Build.0 = Release|Any CPU
		{3383B5C6-4DF1-46B9-957F-BDCD378DA700}.Release|x86.ActiveCfg = Release|Any CPU
		{3383B5C6-4DF1-46B9-957F-BDCD378DA700}.Release|x86.Build.0 = Release|Any CPU
	EndGlobalSection
	GlobalSection(SolutionProperties) = preSolution
		HideSolutionNode = FALSE
	EndGlobalSection
	GlobalSection(ExtensibilityGlobals) = postSolution
		SolutionGuid = {7BC52407-91A1-4B24-B13E-26F2D58DB15D}
	EndGlobalSection
EndGlobal
